lockfileVersion: 5.3

importers:

  .:
    specifiers: {}

  packages/dom-engine:
    specifiers:
      lodash-es: ^4.17.21
      rxjs: ^7.5.7
      vite: ^3.1.0
    dependencies:
      lodash-es: 4.17.21
      rxjs: 7.5.7
    devDependencies:
      vite: 3.1.4

  packages/grid:
    specifiers:
      firebase: ^9.11.0
      immer: ^9.0.15
      rxjs: ^7.5.7
      vite: ^3.1.0
    dependencies:
      firebase: 9.11.0
      immer: 9.0.15
      rxjs: 7.5.7
    devDependencies:
      vite: 3.1.4

packages:

  /@esbuild/android-arm/0.15.10:
    resolution: {integrity: sha512-FNONeQPy/ox+5NBkcSbYJxoXj9GWu8gVGJTVmUyoOCKQFDTrHVKgNSzChdNt0I8Aj/iKcsDf2r9BFwv+FSNUXg==}
    engines: {node: '>=12'}
    cpu: [arm]
    os: [android]
    requiresBuild: true
    dev: true
    optional: true

  /@esbuild/linux-loong64/0.15.10:
    resolution: {integrity: sha512-w0Ou3Z83LOYEkwaui2M8VwIp+nLi/NA60lBLMvaJ+vXVMcsARYdEzLNE7RSm4+lSg4zq4d7fAVuzk7PNQ5JFgg==}
    engines: {node: '>=12'}
    cpu: [loong64]
    os: [linux]
    requiresBuild: true
    dev: true
    optional: true

  /@firebase/analytics-compat/0.1.14_f7e438c513210302cee04565ff274d7e:
    resolution: {integrity: sha512-HNuXTm+EYSf0T9N69UMmy9eVUipxxV8BhkCDPOdmUaa4syO4CtYk5qZt2k1qLygJI9wVFdiZeTU00FAgWK1/6A==}
    peerDependencies:
      '@firebase/app-compat': 0.x
    dependencies:
      '@firebase/analytics': 0.8.1_@firebase+app@0.8.0
      '@firebase/analytics-types': 0.7.0
      '@firebase/app-compat': 0.1.35
      '@firebase/component': 0.5.18
      '@firebase/util': 1.7.0
      tslib: 2.4.0
    transitivePeerDependencies:
      - '@firebase/app'
    dev: false

  /@firebase/analytics-types/0.7.0:
    resolution: {integrity: sha512-DNE2Waiwy5+zZnCfintkDtBfaW6MjIG883474v6Z0K1XZIvl76cLND4iv0YUb48leyF+PJK1KO2XrgHb/KpmhQ==}
    dev: false

  /@firebase/analytics/0.8.1_@firebase+app@0.8.0:
    resolution: {integrity: sha512-br/PBwPAuVdmuxt6k9S6Wtyvgh5YC4vPsY4zv/AtzrgIiXhlJKi28If9Pfh0z9W0dLuqTLSVI0MNzUV/hH5oTA==}
    peerDependencies:
      '@firebase/app': 0.x
    dependencies:
      '@firebase/app': 0.8.0
      '@firebase/component': 0.5.18
      '@firebase/installations': 0.5.13_@firebase+app@0.8.0
      '@firebase/logger': 0.3.3
      '@firebase/util': 1.7.0
      tslib: 2.4.0
    dev: false

  /@firebase/app-check-compat/0.2.13_f7e438c513210302cee04565ff274d7e:
    resolution: {integrity: sha512-vVj6hcdwAOyR4GWrASyki9HhC8mIDN4hta7k/WC0k4UeWCjthfSgR+8Ce7HHp8h4fB5LhVFgFC8QI07sZ2O7jA==}
    peerDependencies:
      '@firebase/app-compat': 0.x
    dependencies:
      '@firebase/app-check': 0.5.13_@firebase+app@0.8.0
      '@firebase/app-check-types': 0.4.0
      '@firebase/app-compat': 0.1.35
      '@firebase/component': 0.5.18
      '@firebase/logger': 0.3.3
      '@firebase/util': 1.7.0
      tslib: 2.4.0
    transitivePeerDependencies:
      - '@firebase/app'
    dev: false

  /@firebase/app-check-interop-types/0.1.0:
    resolution: {integrity: sha512-uZfn9s4uuRsaX5Lwx+gFP3B6YsyOKUE+Rqa6z9ojT4VSRAsZFko9FRn6OxQUA1z5t5d08fY4pf+/+Dkd5wbdbA==}
    dev: false

  /@firebase/app-check-types/0.4.0:
    resolution: {integrity: sha512-SsWafqMABIOu7zLgWbmwvHGOeQQVQlwm42kwwubsmfLmL4Sf5uGpBfDhQ0CAkpi7bkJ/NwNFKafNDL9prRNP0Q==}
    dev: false

  /@firebase/app-check/0.5.13_@firebase+app@0.8.0:
    resolution: {integrity: sha512-+1E2aDvd7vo4QidEyQFZaHur4r8oaHXZZ/SqykK2bcHBF3ihimJgrGBbtvOdUzrR0MOCZx9a18nXAJqevi/+Ow==}
    peerDependencies:
      '@firebase/app': 0.x
    dependencies:
      '@firebase/app': 0.8.0
      '@firebase/component': 0.5.18
      '@firebase/logger': 0.3.3
      '@firebase/util': 1.7.0
      tslib: 2.4.0
    dev: false

  /@firebase/app-compat/0.1.35:
    resolution: {integrity: sha512-6ax9yXCPEBSREHxo+nCpSgSg01mGTvR4I7u/EHqVNNqG8uEWog7sUan3Y3vr3q3zH8t5BkXDGejOH9atF+XnAQ==}
    dependencies:
      '@firebase/app': 0.8.0
      '@firebase/component': 0.5.18
      '@firebase/logger': 0.3.3
      '@firebase/util': 1.7.0
      tslib: 2.4.0
    dev: false

  /@firebase/app-types/0.8.0:
    resolution: {integrity: sha512-Lec3VVquUwXPn2UReGSsfTxuMBVRmzGIwA/CJnF0LQuPgv9kOmXk9mVqsDMfHxHtqjai0n6wWHR2TqjdVV/bYA==}
    dev: false

  /@firebase/app/0.8.0:
    resolution: {integrity: sha512-9kZjhIDv4u4PlrCgcQVBA2u8BZHrP8rUWDltmCUi9BLHv0tltfxLMZODV5LeuAfCJKVp2dbIrpGHPxAaLLl/ww==}
    dependencies:
      '@firebase/component': 0.5.18
      '@firebase/logger': 0.3.3
      '@firebase/util': 1.7.0
      idb: 7.0.1
      tslib: 2.4.0
    dev: false

  /@firebase/auth-compat/0.2.21_09311b7f72973c03ef3e61e4e3082155:
    resolution: {integrity: sha512-etu40X/AdVWys/RvTZ0lHCmglGT3vEos+LS3O5u+L7vLOJ0LsiV8i9bFBPCv9aZcqK/R7cs9bGLQdZB9QwimVQ==}
    peerDependencies:
      '@firebase/app-compat': 0.x
    dependencies:
      '@firebase/app-compat': 0.1.35
      '@firebase/auth': 0.20.8_@firebase+app@0.8.0
      '@firebase/auth-types': 0.11.0_38b986f4bc207278dad10f294a36a682
      '@firebase/component': 0.5.18
      '@firebase/util': 1.7.0
      node-fetch: 2.6.7
      selenium-webdriver: 4.1.2
      tslib: 2.4.0
    transitivePeerDependencies:
      - '@firebase/app'
      - '@firebase/app-types'
      - bufferutil
      - encoding
      - utf-8-validate
    dev: false

  /@firebase/auth-interop-types/0.1.6_38b986f4bc207278dad10f294a36a682:
    resolution: {integrity: sha512-etIi92fW3CctsmR9e3sYM3Uqnoq861M0Id9mdOPF6PWIg38BXL5k4upCNBggGUpLIS0H1grMOvy/wn1xymwe2g==}
    peerDependencies:
      '@firebase/app-types': 0.x
      '@firebase/util': 1.x
    dependencies:
      '@firebase/app-types': 0.8.0
      '@firebase/util': 1.7.0
    dev: false

  /@firebase/auth-types/0.11.0_38b986f4bc207278dad10f294a36a682:
    resolution: {integrity: sha512-q7Bt6cx+ySj9elQHTsKulwk3+qDezhzRBFC9zlQ1BjgMueUOnGMcvqmU0zuKlQ4RhLSH7MNAdBV2znVaoN3Vxw==}
    peerDependencies:
      '@firebase/app-types': 0.x
      '@firebase/util': 1.x
    dependencies:
      '@firebase/app-types': 0.8.0
      '@firebase/util': 1.7.0
    dev: false

  /@firebase/auth/0.20.8_@firebase+app@0.8.0:
    resolution: {integrity: sha512-ss0Uyp5sLrGRR/8bbkZTod5gmdgltqvcxQySAKYGbsyBq4j+RTjZzVqUHZHFY7f8NLm2Bz4hO1dZRaIUYW8zLw==}
    peerDependencies:
      '@firebase/app': 0.x
    dependencies:
      '@firebase/app': 0.8.0
      '@firebase/component': 0.5.18
      '@firebase/logger': 0.3.3
      '@firebase/util': 1.7.0
      node-fetch: 2.6.7
      selenium-webdriver: 4.1.2
      tslib: 2.4.0
    transitivePeerDependencies:
      - bufferutil
      - encoding
      - utf-8-validate
    dev: false

  /@firebase/component/0.5.18:
    resolution: {integrity: sha512-worbz6idNWud/Sfpp3Lf9BE9tM8GRHhuQ4Hsqnva6ECdSRKYt8RRPg3UUSwDGa4iFpPo+gF/jKfydYN676+JmQ==}
    dependencies:
      '@firebase/util': 1.7.0
      tslib: 2.4.0
    dev: false

  /@firebase/database-compat/0.2.7_@firebase+app-types@0.8.0:
    resolution: {integrity: sha512-D9nTb8RNb3RbsKtwUFDykIeUbuBgVSDKE+b6dCgVi9PS7sNATdZPpKGjxLIAxCggyRTgfMj5pr0S5fhrMedRNw==}
    dependencies:
      '@firebase/component': 0.5.18
      '@firebase/database': 0.13.7_@firebase+app-types@0.8.0
      '@firebase/database-types': 0.9.14
      '@firebase/logger': 0.3.3
      '@firebase/util': 1.7.0
      tslib: 2.4.0
    transitivePeerDependencies:
      - '@firebase/app-types'
    dev: false

  /@firebase/database-types/0.9.14:
    resolution: {integrity: sha512-utMsusFMr5HuyiKxFyeOXU4hvC7hdJFTiyUWTQpLFODRwhtoPE539Y1I3r/LJhSPyt8dtds2GSjnvIbCvDezLQ==}
    dependencies:
      '@firebase/app-types': 0.8.0
      '@firebase/util': 1.7.0
    dev: false

  /@firebase/database/0.13.7_@firebase+app-types@0.8.0:
    resolution: {integrity: sha512-j72yRxwGMcRnB+KwmyQYpPJHb5oNgbTS17ecAm8cX1GEyRohbZiE9GljbMaoOxSz/r8XuVfe748gEk5HFSEtSA==}
    dependencies:
      '@firebase/auth-interop-types': 0.1.6_38b986f4bc207278dad10f294a36a682
      '@firebase/component': 0.5.18
      '@firebase/logger': 0.3.3
      '@firebase/util': 1.7.0
      faye-websocket: 0.11.4
      tslib: 2.4.0
    transitivePeerDependencies:
      - '@firebase/app-types'
    dev: false

  /@firebase/firestore-compat/0.1.26_09311b7f72973c03ef3e61e4e3082155:
    resolution: {integrity: sha512-e0cIToek3tmbzd1UK7fFii6Fo+s2QoJt4Q9ZKxP6cBaMowZoWxZs8/cE7TPsnpgrx5BNc1DjLdpUh0vAuk+q4Q==}
    peerDependencies:
      '@firebase/app-compat': 0.x
    dependencies:
      '@firebase/app-compat': 0.1.35
      '@firebase/component': 0.5.18
      '@firebase/firestore': 3.6.0_@firebase+app@0.8.0
      '@firebase/firestore-types': 2.5.0_38b986f4bc207278dad10f294a36a682
      '@firebase/util': 1.7.0
      tslib: 2.4.0
    transitivePeerDependencies:
      - '@firebase/app'
      - '@firebase/app-types'
      - encoding
    dev: false

  /@firebase/firestore-types/2.5.0_38b986f4bc207278dad10f294a36a682:
    resolution: {integrity: sha512-I6c2m1zUhZ5SH0cWPmINabDyH5w0PPFHk2UHsjBpKdZllzJZ2TwTkXbDtpHUZNmnc/zAa0WNMNMvcvbb/xJLKA==}
    peerDependencies:
      '@firebase/app-types': 0.x
      '@firebase/util': 1.x
    dependencies:
      '@firebase/app-types': 0.8.0
      '@firebase/util': 1.7.0
    dev: false

  /@firebase/firestore/3.6.0_@firebase+app@0.8.0:
    resolution: {integrity: sha512-vGeC2nXx/Ca+HsFhBLzz3jX1v571AZtNGf7AX0lMXeL+t0awWsAdq0ahkNRMjejhK5zVa68H/zg2RCO7fg8JiA==}
    engines: {node: '>=10.10.0'}
    peerDependencies:
      '@firebase/app': 0.x
    dependencies:
      '@firebase/app': 0.8.0
      '@firebase/component': 0.5.18
      '@firebase/logger': 0.3.3
      '@firebase/util': 1.7.0
      '@firebase/webchannel-wrapper': 0.7.0
      '@grpc/grpc-js': 1.7.1
      '@grpc/proto-loader': 0.6.13
      node-fetch: 2.6.7
      tslib: 2.4.0
    transitivePeerDependencies:
      - encoding
    dev: false

  /@firebase/functions-compat/0.2.5_09311b7f72973c03ef3e61e4e3082155:
    resolution: {integrity: sha512-r9lUxkBNmfulLfujdO7W2AAyH1I3QQBvrRlNoub8TNU+2UbqAfFde7yV0DhOCGhr75zp4ZVv71Zw6wIgwC0G1Q==}
    peerDependencies:
      '@firebase/app-compat': 0.x
    dependencies:
      '@firebase/app-compat': 0.1.35
      '@firebase/component': 0.5.18
      '@firebase/functions': 0.8.5_a34c795c1e37d9fe10f1f097984fd626
      '@firebase/functions-types': 0.5.0
      '@firebase/util': 1.7.0
      tslib: 2.4.0
    transitivePeerDependencies:
      - '@firebase/app'
      - '@firebase/app-types'
      - encoding
    dev: false

  /@firebase/functions-types/0.5.0:
    resolution: {integrity: sha512-qza0M5EwX+Ocrl1cYI14zoipUX4gI/Shwqv0C1nB864INAD42Dgv4v94BCyxGHBg2kzlWy8PNafdP7zPO8aJQA==}
    dev: false

  /@firebase/functions/0.8.5_a34c795c1e37d9fe10f1f097984fd626:
    resolution: {integrity: sha512-oI4ipogH6x+2euHGs+l+cZmRwg8psYxblbO5YebB7nh+x2UcFE4+4uDUXQc7XQrT4b1uDbrW343BU46RKFtwWg==}
    peerDependencies:
      '@firebase/app': 0.x
    dependencies:
      '@firebase/app': 0.8.0
      '@firebase/app-check-interop-types': 0.1.0
      '@firebase/auth-interop-types': 0.1.6_38b986f4bc207278dad10f294a36a682
      '@firebase/component': 0.5.18
      '@firebase/messaging-interop-types': 0.1.0
      '@firebase/util': 1.7.0
      node-fetch: 2.6.7
      tslib: 2.4.0
    transitivePeerDependencies:
      - '@firebase/app-types'
      - encoding
    dev: false

  /@firebase/installations-compat/0.1.13_09311b7f72973c03ef3e61e4e3082155:
    resolution: {integrity: sha512-JDdne03YV4VfIyGkmlg8ltSHS0hOzQXLkn2gDzvKsyvke0EAUI9HLHUDQAOKVpyn7LsDwFTub5QcrR0owG8b+Q==}
    peerDependencies:
      '@firebase/app-compat': 0.x
    dependencies:
      '@firebase/app-compat': 0.1.35
      '@firebase/component': 0.5.18
      '@firebase/installations': 0.5.13_@firebase+app@0.8.0
      '@firebase/installations-types': 0.4.0_@firebase+app-types@0.8.0
      '@firebase/util': 1.7.0
      tslib: 2.4.0
    transitivePeerDependencies:
      - '@firebase/app'
      - '@firebase/app-types'
    dev: false

  /@firebase/installations-types/0.4.0_@firebase+app-types@0.8.0:
    resolution: {integrity: sha512-nXxWKQDvBGctuvsizbUEJKfxXU9WAaDhon+j0jpjIfOJkvkj3YHqlLB/HeYjpUn85Pb22BjplpTnDn4Gm9pc3A==}
    peerDependencies:
      '@firebase/app-types': 0.x
    dependencies:
      '@firebase/app-types': 0.8.0
    dev: false

  /@firebase/installations/0.5.13_@firebase+app@0.8.0:
    resolution: {integrity: sha512-T3+RIeqMA1vpnSOK/1wckpSSk3zbLNQgDWoiymwvK/FxjPFHO/LY1W0guqTmiYgK0stdLIHXh7syli5HboO47g==}
    peerDependencies:
      '@firebase/app': 0.x
    dependencies:
      '@firebase/app': 0.8.0
      '@firebase/component': 0.5.18
      '@firebase/util': 1.7.0
      idb: 7.0.1
      tslib: 2.4.0
    dev: false

  /@firebase/logger/0.3.3:
    resolution: {integrity: sha512-POTJl07jOKTOevLXrTvJD/VZ0M6PnJXflbAh5J9VGkmtXPXNG6MdZ9fmRgqYhXKTaDId6AQenQ262uwgpdtO0Q==}
    dependencies:
      tslib: 2.4.0
    dev: false

  /@firebase/messaging-compat/0.1.17_f7e438c513210302cee04565ff274d7e:
    resolution: {integrity: sha512-WRaWizUMurqDQkCHzkW2XJkJl6BqSLhrCoCcClyIdC4XEolAgIo9X4Jy2Jd7HiX6SUSPgwEv0u93MnuIS9JWGw==}
    peerDependencies:
      '@firebase/app-compat': 0.x
    dependencies:
      '@firebase/app-compat': 0.1.35
      '@firebase/component': 0.5.18
      '@firebase/messaging': 0.9.17_@firebase+app@0.8.0
      '@firebase/util': 1.7.0
      tslib: 2.4.0
    transitivePeerDependencies:
      - '@firebase/app'
    dev: false

  /@firebase/messaging-interop-types/0.1.0:
    resolution: {integrity: sha512-DbvUl/rXAZpQeKBnwz0NYY5OCqr2nFA0Bj28Fmr3NXGqR4PAkfTOHuQlVtLO1Nudo3q0HxAYLa68ZDAcuv2uKQ==}
    dev: false

  /@firebase/messaging/0.9.17_@firebase+app@0.8.0:
    resolution: {integrity: sha512-oyjPT1lutJqiivl3UxkJeLrNbOkakFKMUYYviEPEL1PAU+yfKWp7IbRaZPZy4Av+i0sSdLDyB8H803B6tZ+C0Q==}
    peerDependencies:
      '@firebase/app': 0.x
    dependencies:
      '@firebase/app': 0.8.0
      '@firebase/component': 0.5.18
      '@firebase/installations': 0.5.13_@firebase+app@0.8.0
      '@firebase/messaging-interop-types': 0.1.0
      '@firebase/util': 1.7.0
      idb: 7.0.1
      tslib: 2.4.0
    dev: false

  /@firebase/performance-compat/0.1.13_f7e438c513210302cee04565ff274d7e:
    resolution: {integrity: sha512-Den0APOV7bqnQxLuAhzo4dIkojbKR30/Q+8qeDrbdMHZL50wkZm09/OGqXoViCTy8zHDaau+Wp78z0qMqwUFxg==}
    peerDependencies:
      '@firebase/app-compat': 0.x
    dependencies:
      '@firebase/app-compat': 0.1.35
      '@firebase/component': 0.5.18
      '@firebase/logger': 0.3.3
      '@firebase/performance': 0.5.13_@firebase+app@0.8.0
      '@firebase/performance-types': 0.1.0
      '@firebase/util': 1.7.0
      tslib: 2.4.0
    transitivePeerDependencies:
      - '@firebase/app'
    dev: false

  /@firebase/performance-types/0.1.0:
    resolution: {integrity: sha512-6p1HxrH0mpx+622Ql6fcxFxfkYSBpE3LSuwM7iTtYU2nw91Hj6THC8Bc8z4nboIq7WvgsT/kOTYVVZzCSlXl8w==}
    dev: false

  /@firebase/performance/0.5.13_@firebase+app@0.8.0:
    resolution: {integrity: sha512-k35iR9LcRUsuyEa4sXzBaVKMaFGgDgI3fjHtcmfjspeSywTigbCWxGoN551uk+udAkC0ENnODGm6t/T/ie4HaQ==}
    peerDependencies:
      '@firebase/app': 0.x
    dependencies:
      '@firebase/app': 0.8.0
      '@firebase/component': 0.5.18
      '@firebase/installations': 0.5.13_@firebase+app@0.8.0
      '@firebase/logger': 0.3.3
      '@firebase/util': 1.7.0
      tslib: 2.4.0
    dev: false

  /@firebase/remote-config-compat/0.1.13_f7e438c513210302cee04565ff274d7e:
    resolution: {integrity: sha512-7bvcMosoS9fTXV305Cx62cyDFFk/CkToIrOR3tTKYr5cG/OKhrk0S/z9Wk6rowhgKHkg2SSZr5Difrj3vQPXDQ==}
    peerDependencies:
      '@firebase/app-compat': 0.x
    dependencies:
      '@firebase/app-compat': 0.1.35
      '@firebase/component': 0.5.18
      '@firebase/logger': 0.3.3
      '@firebase/remote-config': 0.3.12_@firebase+app@0.8.0
      '@firebase/remote-config-types': 0.2.0
      '@firebase/util': 1.7.0
      tslib: 2.4.0
    transitivePeerDependencies:
      - '@firebase/app'
    dev: false

  /@firebase/remote-config-types/0.2.0:
    resolution: {integrity: sha512-hqK5sCPeZvcHQ1D6VjJZdW6EexLTXNMJfPdTwbD8NrXUw6UjWC4KWhLK/TSlL0QPsQtcKRkaaoP+9QCgKfMFPw==}
    dev: false

  /@firebase/remote-config/0.3.12_@firebase+app@0.8.0:
    resolution: {integrity: sha512-Vhsr6H/onMOiNnEcEBfcv1qadtMtaIwI2oDAP4bbqmCp84XtbizUqY0Y0psOAjKArAbkoqc/33cngRl093YOIQ==}
    peerDependencies:
      '@firebase/app': 0.x
    dependencies:
      '@firebase/app': 0.8.0
      '@firebase/component': 0.5.18
      '@firebase/installations': 0.5.13_@firebase+app@0.8.0
      '@firebase/logger': 0.3.3
      '@firebase/util': 1.7.0
      tslib: 2.4.0
    dev: false

  /@firebase/storage-compat/0.1.18_09311b7f72973c03ef3e61e4e3082155:
    resolution: {integrity: sha512-ULHyM0vXX/vM/tZhYJQbkk5mnv/eQPTs9KAnIdJh7o7Hj6cvNg0Hq8x9Y/QtqLZBfnm9ATszvD41mqLD4LzrGQ==}
    peerDependencies:
      '@firebase/app-compat': 0.x
    dependencies:
      '@firebase/app-compat': 0.1.35
      '@firebase/component': 0.5.18
      '@firebase/storage': 0.9.10_@firebase+app@0.8.0
      '@firebase/storage-types': 0.6.0_38b986f4bc207278dad10f294a36a682
      '@firebase/util': 1.7.0
      tslib: 2.4.0
    transitivePeerDependencies:
      - '@firebase/app'
      - '@firebase/app-types'
      - encoding
    dev: false

  /@firebase/storage-types/0.6.0_38b986f4bc207278dad10f294a36a682:
    resolution: {integrity: sha512-1LpWhcCb1ftpkP/akhzjzeFxgVefs6eMD2QeKiJJUGH1qOiows2w5o0sKCUSQrvrRQS1lz3SFGvNR1Ck/gqxeA==}
    peerDependencies:
      '@firebase/app-types': 0.x
      '@firebase/util': 1.x
    dependencies:
      '@firebase/app-types': 0.8.0
      '@firebase/util': 1.7.0
    dev: false

  /@firebase/storage/0.9.10_@firebase+app@0.8.0:
    resolution: {integrity: sha512-GXJSP/VqWNGi3gD8d59y5Ls4iW/jkX4CKuI4T6oST6eNnLrJcx68JbeOSv+37c9eBVT1d8O7LFX3oeKVWBhvRg==}
    peerDependencies:
      '@firebase/app': 0.x
    dependencies:
      '@firebase/app': 0.8.0
      '@firebase/component': 0.5.18
      '@firebase/util': 1.7.0
      node-fetch: 2.6.7
      tslib: 2.4.0
    transitivePeerDependencies:
      - encoding
    dev: false

  /@firebase/util/1.7.0:
    resolution: {integrity: sha512-n5g1WWd+E5IYQwtKxmTJDlhfT762mk/d7yigeh8QaS46cnvngwguOhNwlS8fniEJ7pAgyZ9v05OQMKdfMnws6g==}
    dependencies:
      tslib: 2.4.0
    dev: false

  /@firebase/webchannel-wrapper/0.7.0:
    resolution: {integrity: sha512-4ACd/c6ushrLuhn0+yjB9hznhnsc2IML6pf0Ulb1Q7w8SvR1jNGPu/Y7i4kvOm6R+WJkMHwyy5z3i3gN+Tawug==}
    dev: false

  /@grpc/grpc-js/1.7.1:
    resolution: {integrity: sha512-GVtMU4oh/TeKkWGzXUEsyZtyvSUIT1z49RtGH1UnEGeL+sLuxKl8QH3KZTlSB329R1sWJmesm5hQ5CxXdYH9dg==}
    engines: {node: ^8.13.0 || >=10.10.0}
    dependencies:
      '@grpc/proto-loader': 0.7.3
      '@types/node': 18.8.3
    dev: false

  /@grpc/proto-loader/0.6.13:
    resolution: {integrity: sha512-FjxPYDRTn6Ec3V0arm1FtSpmP6V50wuph2yILpyvTKzjc76oDdoihXqM1DzOW5ubvCC8GivfCnNtfaRE8myJ7g==}
    engines: {node: '>=6'}
    hasBin: true
    dependencies:
      '@types/long': 4.0.2
      lodash.camelcase: 4.3.0
      long: 4.0.0
      protobufjs: 6.11.3
      yargs: 16.2.0
    dev: false

  /@grpc/proto-loader/0.7.3:
    resolution: {integrity: sha512-5dAvoZwna2Py3Ef96Ux9jIkp3iZ62TUsV00p3wVBPNX5K178UbNi8Q7gQVqwXT1Yq9RejIGG9G2IPEo93T6RcA==}
    engines: {node: '>=6'}
    hasBin: true
    dependencies:
      '@types/long': 4.0.2
      lodash.camelcase: 4.3.0
      long: 4.0.0
      protobufjs: 7.1.2
      yargs: 16.2.0
    dev: false

  /@protobufjs/aspromise/1.1.2:
    resolution: {integrity: sha1-m4sMxmPWaafY9vXQiToU00jzD78=}
    dev: false

  /@protobufjs/base64/1.1.2:
    resolution: {integrity: sha512-AZkcAA5vnN/v4PDqKyMR5lx7hZttPDgClv83E//FMNhR2TMcLUhfRUBHCmSl0oi9zMgDDqRUJkSxO3wm85+XLg==}
    dev: false

  /@protobufjs/codegen/2.0.4:
    resolution: {integrity: sha512-YyFaikqM5sH0ziFZCN3xDC7zeGaB/d0IUb9CATugHWbd1FRFwWwt4ld4OYMPWu5a3Xe01mGAULCdqhMlPl29Jg==}
    dev: false

  /@protobufjs/eventemitter/1.1.0:
    resolution: {integrity: sha1-NVy8mLr61ZePntCV85diHx0Ga3A=}
    dev: false

  /@protobufjs/fetch/1.1.0:
    resolution: {integrity: sha1-upn7WYYUr2VwDBYZ/wbUVLDYTEU=}
    dependencies:
      '@protobufjs/aspromise': 1.1.2
      '@protobufjs/inquire': 1.1.0
    dev: false

  /@protobufjs/float/1.0.2:
    resolution: {integrity: sha1-Xp4avctz/Ap8uLKR33jIy9l7h9E=}
    dev: false

  /@protobufjs/inquire/1.1.0:
    resolution: {integrity: sha1-/yAOPnzyQp4tyvwRQIKOjMY48Ik=}
    dev: false

  /@protobufjs/path/1.1.2:
    resolution: {integrity: sha1-bMKyDFya1q0NzP0hynZz2Nf79o0=}
    dev: false

  /@protobufjs/pool/1.1.0:
    resolution: {integrity: sha1-Cf0V8tbTq/qbZbw2ZQbWrXhG/1Q=}
    dev: false

  /@protobufjs/utf8/1.1.0:
    resolution: {integrity: sha1-p3c2C1s5oaLlEG+OhY8v0tBgxXA=}
    dev: false

  /@types/long/4.0.2:
    resolution: {integrity: sha512-MqTGEo5bj5t157U6fA/BiDynNkn0YknVdh48CMPkTSpFTVmvao5UQmm7uEF6xBEo7qIMAlY/JSleYaE6VOdpaA==}
    dev: false

  /@types/node/18.8.3:
    resolution: {integrity: sha512-0os9vz6BpGwxGe9LOhgP/ncvYN5Tx1fNcd2TM3rD/aCGBkysb+ZWpXEocG24h6ZzOi13+VB8HndAQFezsSOw1w==}
    dev: false

  /ansi-regex/5.0.1:
    resolution: {integrity: sha512-quJQXlTSUGL2LH9SUXo8VwsY4soanhgo6LNSm84E1LBcE8s3O0wpdiRzyR9z/ZZJMlMWv37qOOb9pdJlMUEKFQ==}
    engines: {node: '>=8'}
    dev: false

  /ansi-styles/4.3.0:
    resolution: {integrity: sha512-zbB9rCJAT1rbjiVDb2hqKFHNYLxgtk8NURxZ3IZwD3F6NtxbXZQCnnSi1Lkx+IDohdPlFp222wVALIheZJQSEg==}
    engines: {node: '>=8'}
    dependencies:
      color-convert: 2.0.1
    dev: false

  /balanced-match/1.0.2:
    resolution: {integrity: sha512-3oSeUO0TMV67hN1AmbXsK4yaqU7tjiHlbxRDZOpH0KW9+CeX4bRAaX0Anxt0tx2MrpRpWwQaPwIlISEJhYU5Pw==}
    dev: false

  /brace-expansion/1.1.11:
    resolution: {integrity: sha512-iCuPHDFgrHX7H2vEI/5xpz07zSHB00TpugqhmYtVmMO6518mCuRMoOYFldEBl0g187ufozdaHgWKcYFb61qGiA==}
    dependencies:
      balanced-match: 1.0.2
      concat-map: 0.0.1
    dev: false

  /cliui/7.0.4:
    resolution: {integrity: sha512-OcRE68cOsVMXp1Yvonl/fzkQOyjLSu/8bhPDfQt0e0/Eb283TKP20Fs2MqoPsr9SwA595rRCA+QMzYc9nBP+JQ==}
    dependencies:
      string-width: 4.2.3
      strip-ansi: 6.0.1
      wrap-ansi: 7.0.0
    dev: false

  /color-convert/2.0.1:
    resolution: {integrity: sha512-RRECPsj7iu/xb5oKYcsFHSppFNnsj/52OVTRKb4zP5onXwVF3zVmmToNcOfGC+CRDpfK/U584fMg38ZHCaElKQ==}
    engines: {node: '>=7.0.0'}
    dependencies:
      color-name: 1.1.4
    dev: false

  /color-name/1.1.4:
    resolution: {integrity: sha512-dOy+3AuW3a2wNbZHIuMZpTcgjGuLU/uBL/ubcZF9OXbDo8ff4O8yVp5Bf0efS8uEoYo5q4Fx7dY9OgQGXgAsQA==}
    dev: false

  /concat-map/0.0.1:
    resolution: {integrity: sha1-2Klr13/Wjfd5OnMDajug1UBdR3s=}
    dev: false

  /core-util-is/1.0.3:
    resolution: {integrity: sha512-ZQBvi1DcpJ4GDqanjucZ2Hj3wEO5pZDS89BWbkcrvdxksJorwUDDZamX9ldFkp9aw2lmBDLgkObEA4DWNJ9FYQ==}
    dev: false

  /emoji-regex/8.0.0:
    resolution: {integrity: sha512-MSjYzcWNOA0ewAHpz0MxpYFvwg6yjy1NG3xteoqz644VCo/RPgnr1/GGt+ic3iJTzQ8Eu3TdM14SawnVUmGE6A==}
    dev: false

  /esbuild-android-64/0.15.10:
    resolution: {integrity: sha512-UI7krF8OYO1N7JYTgLT9ML5j4+45ra3amLZKx7LO3lmLt1Ibn8t3aZbX5Pu4BjWiqDuJ3m/hsvhPhK/5Y/YpnA==}
    engines: {node: '>=12'}
    cpu: [x64]
    os: [android]
    requiresBuild: true
    dev: true
    optional: true

  /esbuild-android-arm64/0.15.10:
    resolution: {integrity: sha512-EOt55D6xBk5O05AK8brXUbZmoFj4chM8u3riGflLa6ziEoVvNjRdD7Cnp82NHQGfSHgYR06XsPI8/sMuA/cUwg==}
    engines: {node: '>=12'}
    cpu: [arm64]
    os: [android]
    requiresBuild: true
    dev: true
    optional: true

  /esbuild-darwin-64/0.15.10:
    resolution: {integrity: sha512-hbDJugTicqIm+WKZgp208d7FcXcaK8j2c0l+fqSJ3d2AzQAfjEYDRM3Z2oMeqSJ9uFxyj/muSACLdix7oTstRA==}
    engines: {node: '>=12'}
    cpu: [x64]
    os: [darwin]
    requiresBuild: true
    dev: true
    optional: true

  /esbuild-darwin-arm64/0.15.10:
    resolution: {integrity: sha512-M1t5+Kj4IgSbYmunf2BB6EKLkWUq+XlqaFRiGOk8bmBapu9bCDrxjf4kUnWn59Dka3I27EiuHBKd1rSO4osLFQ==}
    engines: {node: '>=12'}
    cpu: [arm64]
    os: [darwin]
    requiresBuild: true
    dev: true
    optional: true

  /esbuild-freebsd-64/0.15.10:
    resolution: {integrity: sha512-KMBFMa7C8oc97nqDdoZwtDBX7gfpolkk6Bcmj6YFMrtCMVgoU/x2DI1p74DmYl7CSS6Ppa3xgemrLrr5IjIn0w==}
    engines: {node: '>=12'}
    cpu: [x64]
    os: [freebsd]
    requiresBuild: true
    dev: true
    optional: true

  /esbuild-freebsd-arm64/0.15.10:
    resolution: {integrity: sha512-m2KNbuCX13yQqLlbSojFMHpewbn8wW5uDS6DxRpmaZKzyq8Dbsku6hHvh2U+BcLwWY4mpgXzFUoENEf7IcioGg==}
    engines: {node: '>=12'}
    cpu: [arm64]
    os: [freebsd]
    requiresBuild: true
    dev: true
    optional: true

  /esbuild-linux-32/0.15.10:
    resolution: {integrity: sha512-guXrwSYFAvNkuQ39FNeV4sNkNms1bLlA5vF1H0cazZBOLdLFIny6BhT+TUbK/hdByMQhtWQ5jI9VAmPKbVPu1w==}
    engines: {node: '>=12'}
    cpu: [ia32]
    os: [linux]
    requiresBuild: true
    dev: true
    optional: true

  /esbuild-linux-64/0.15.10:
    resolution: {integrity: sha512-jd8XfaSJeucMpD63YNMO1JCrdJhckHWcMv6O233bL4l6ogQKQOxBYSRP/XLWP+6kVTu0obXovuckJDcA0DKtQA==}
    engines: {node: '>=12'}
    cpu: [x64]
    os: [linux]
    requiresBuild: true
    dev: true
    optional: true

  /esbuild-linux-arm/0.15.10:
    resolution: {integrity: sha512-6N8vThLL/Lysy9y4Ex8XoLQAlbZKUyExCWyayGi2KgTBelKpPgj6RZnUaKri0dHNPGgReJriKVU6+KDGQwn10A==}
    engines: {node: '>=12'}
    cpu: [arm]
    os: [linux]
    requiresBuild: true
    dev: true
    optional: true

  /esbuild-linux-arm64/0.15.10:
    resolution: {integrity: sha512-GByBi4fgkvZFTHFDYNftu1DQ1GzR23jws0oWyCfhnI7eMOe+wgwWrc78dbNk709Ivdr/evefm2PJiUBMiusS1A==}
    engines: {node: '>=12'}
    cpu: [arm64]
    os: [linux]
    requiresBuild: true
    dev: true
    optional: true

  /esbuild-linux-mips64le/0.15.10:
    resolution: {integrity: sha512-BxP+LbaGVGIdQNJUNF7qpYjEGWb0YyHVSKqYKrn+pTwH/SiHUxFyJYSP3pqkku61olQiSBnSmWZ+YUpj78Tw7Q==}
    engines: {node: '>=12'}
    cpu: [mips64el]
    os: [linux]
    requiresBuild: true
    dev: true
    optional: true

  /esbuild-linux-ppc64le/0.15.10:
    resolution: {integrity: sha512-LoSQCd6498PmninNgqd/BR7z3Bsk/mabImBWuQ4wQgmQEeanzWd5BQU2aNi9mBURCLgyheuZS6Xhrw5luw3OkQ==}
    engines: {node: '>=12'}
    cpu: [ppc64]
    os: [linux]
    requiresBuild: true
    dev: true
    optional: true

  /esbuild-linux-riscv64/0.15.10:
    resolution: {integrity: sha512-Lrl9Cr2YROvPV4wmZ1/g48httE8z/5SCiXIyebiB5N8VT7pX3t6meI7TQVHw/wQpqP/AF4SksDuFImPTM7Z32Q==}
    engines: {node: '>=12'}
    cpu: [riscv64]
    os: [linux]
    requiresBuild: true
    dev: true
    optional: true

  /esbuild-linux-s390x/0.15.10:
    resolution: {integrity: sha512-ReP+6q3eLVVP2lpRrvl5EodKX7EZ1bS1/z5j6hsluAlZP5aHhk6ghT6Cq3IANvvDdscMMCB4QEbI+AjtvoOFpA==}
    engines: {node: '>=12'}
    cpu: [s390x]
    os: [linux]
    requiresBuild: true
    dev: true
    optional: true

  /esbuild-netbsd-64/0.15.10:
    resolution: {integrity: sha512-iGDYtJCMCqldMskQ4eIV+QSS/CuT7xyy9i2/FjpKvxAuCzrESZXiA1L64YNj6/afuzfBe9i8m/uDkFHy257hTw==}
    engines: {node: '>=12'}
    cpu: [x64]
    os: [netbsd]
    requiresBuild: true
    dev: true
    optional: true

  /esbuild-openbsd-64/0.15.10:
    resolution: {integrity: sha512-ftMMIwHWrnrYnvuJQRJs/Smlcb28F9ICGde/P3FUTCgDDM0N7WA0o9uOR38f5Xe2/OhNCgkjNeb7QeaE3cyWkQ==}
    engines: {node: '>=12'}
    cpu: [x64]
    os: [openbsd]
    requiresBuild: true
    dev: true
    optional: true

  /esbuild-sunos-64/0.15.10:
    resolution: {integrity: sha512-mf7hBL9Uo2gcy2r3rUFMjVpTaGpFJJE5QTDDqUFf1632FxteYANffDZmKbqX0PfeQ2XjUDE604IcE7OJeoHiyg==}
    engines: {node: '>=12'}
    cpu: [x64]
    os: [sunos]
    requiresBuild: true
    dev: true
    optional: true

  /esbuild-windows-32/0.15.10:
    resolution: {integrity: sha512-ttFVo+Cg8b5+qHmZHbEc8Vl17kCleHhLzgT8X04y8zudEApo0PxPg9Mz8Z2cKH1bCYlve1XL8LkyXGFjtUYeGg==}
    engines: {node: '>=12'}
    cpu: [ia32]
    os: [win32]
    requiresBuild: true
    dev: true
    optional: true

  /esbuild-windows-64/0.15.10:
    resolution: {integrity: sha512-2H0gdsyHi5x+8lbng3hLbxDWR7mKHWh5BXZGKVG830KUmXOOWFE2YKJ4tHRkejRduOGDrBvHBriYsGtmTv3ntA==}
    engines: {node: '>=12'}
    cpu: [x64]
    os: [win32]
    requiresBuild: true
    dev: true
    optional: true

  /esbuild-windows-arm64/0.15.10:
    resolution: {integrity: sha512-S+th4F+F8VLsHLR0zrUcG+Et4hx0RKgK1eyHc08kztmLOES8BWwMiaGdoW9hiXuzznXQ0I/Fg904MNbr11Nktw==}
    engines: {node: '>=12'}
    cpu: [arm64]
    os: [win32]
    requiresBuild: true
    dev: true
    optional: true

  /esbuild/0.15.10:
    resolution: {integrity: sha512-N7wBhfJ/E5fzn/SpNgX+oW2RLRjwaL8Y0ezqNqhjD6w0H2p0rDuEz2FKZqpqLnO8DCaWumKe8dsC/ljvVSSxng==}
    engines: {node: '>=12'}
    hasBin: true
    requiresBuild: true
    optionalDependencies:
      '@esbuild/android-arm': 0.15.10
      '@esbuild/linux-loong64': 0.15.10
      esbuild-android-64: 0.15.10
      esbuild-android-arm64: 0.15.10
      esbuild-darwin-64: 0.15.10
      esbuild-darwin-arm64: 0.15.10
      esbuild-freebsd-64: 0.15.10
      esbuild-freebsd-arm64: 0.15.10
      esbuild-linux-32: 0.15.10
      esbuild-linux-64: 0.15.10
      esbuild-linux-arm: 0.15.10
      esbuild-linux-arm64: 0.15.10
      esbuild-linux-mips64le: 0.15.10
      esbuild-linux-ppc64le: 0.15.10
      esbuild-linux-riscv64: 0.15.10
      esbuild-linux-s390x: 0.15.10
      esbuild-netbsd-64: 0.15.10
      esbuild-openbsd-64: 0.15.10
      esbuild-sunos-64: 0.15.10
      esbuild-windows-32: 0.15.10
      esbuild-windows-64: 0.15.10
      esbuild-windows-arm64: 0.15.10
    dev: true

  /escalade/3.1.1:
    resolution: {integrity: sha512-k0er2gUkLf8O0zKJiAhmkTnJlTvINGv7ygDNPbeIsX/TJjGJZHuh9B2UxbsaEkmlEo9MfhrSzmhIlhRlI2GXnw==}
    engines: {node: '>=6'}
    dev: false

  /faye-websocket/0.11.4:
    resolution: {integrity: sha512-CzbClwlXAuiRQAlUyfqPgvPoNKTckTPGfwZV4ZdAhVcP2lh9KUxJg2b5GkE7XbjKQ3YJnQ9z6D9ntLAlB+tP8g==}
    engines: {node: '>=0.8.0'}
    dependencies:
      websocket-driver: 0.7.4
    dev: false

  /firebase/9.11.0:
    resolution: {integrity: sha512-AOPj3FmpweMulG3A1901hOhbCoW22IHQuRfst0Tew9Xc8Ldq75uILu0MnmCYdMVGitF7uTFVOFeyhWyGvMxpKw==}
    dependencies:
      '@firebase/analytics': 0.8.1_@firebase+app@0.8.0
      '@firebase/analytics-compat': 0.1.14_f7e438c513210302cee04565ff274d7e
      '@firebase/app': 0.8.0
      '@firebase/app-check': 0.5.13_@firebase+app@0.8.0
      '@firebase/app-check-compat': 0.2.13_f7e438c513210302cee04565ff274d7e
      '@firebase/app-compat': 0.1.35
      '@firebase/app-types': 0.8.0
      '@firebase/auth': 0.20.8_@firebase+app@0.8.0
      '@firebase/auth-compat': 0.2.21_09311b7f72973c03ef3e61e4e3082155
      '@firebase/database': 0.13.7_@firebase+app-types@0.8.0
      '@firebase/database-compat': 0.2.7_@firebase+app-types@0.8.0
      '@firebase/firestore': 3.6.0_@firebase+app@0.8.0
      '@firebase/firestore-compat': 0.1.26_09311b7f72973c03ef3e61e4e3082155
      '@firebase/functions': 0.8.5_a34c795c1e37d9fe10f1f097984fd626
      '@firebase/functions-compat': 0.2.5_09311b7f72973c03ef3e61e4e3082155
      '@firebase/installations': 0.5.13_@firebase+app@0.8.0
      '@firebase/installations-compat': 0.1.13_09311b7f72973c03ef3e61e4e3082155
      '@firebase/messaging': 0.9.17_@firebase+app@0.8.0
      '@firebase/messaging-compat': 0.1.17_f7e438c513210302cee04565ff274d7e
      '@firebase/performance': 0.5.13_@firebase+app@0.8.0
      '@firebase/performance-compat': 0.1.13_f7e438c513210302cee04565ff274d7e
      '@firebase/remote-config': 0.3.12_@firebase+app@0.8.0
      '@firebase/remote-config-compat': 0.1.13_f7e438c513210302cee04565ff274d7e
      '@firebase/storage': 0.9.10_@firebase+app@0.8.0
      '@firebase/storage-compat': 0.1.18_09311b7f72973c03ef3e61e4e3082155
      '@firebase/util': 1.7.0
    transitivePeerDependencies:
      - bufferutil
      - encoding
      - utf-8-validate
    dev: false

  /fs.realpath/1.0.0:
    resolution: {integrity: sha1-FQStJSMVjKpA20onh8sBQRmU6k8=}
    dev: false

  /fsevents/2.3.2:
    resolution: {integrity: sha512-xiqMQR4xAeHTuB9uWm+fFRcIOgKBMiOBP+eXiyT7jsgVCq1bkVygt00oASowB7EdtpOHaaPgKt812P9ab+DDKA==}
    engines: {node: ^8.16.0 || ^10.6.0 || >=11.0.0}
    os: [darwin]
    requiresBuild: true
    dev: true
    optional: true

  /function-bind/1.1.1:
    resolution: {integrity: sha512-yIovAzMX49sF8Yl58fSCWJ5svSLuaibPxXQJFLmBObTuCr0Mf1KiPopGM9NiFjiYBCbfaa2Fh6breQ6ANVTI0A==}
    dev: true

  /get-caller-file/2.0.5:
    resolution: {integrity: sha512-DyFP3BM/3YHTQOCUL/w0OZHR0lpKeGrxotcHWcqNEdnltqFwXVfhEBQ94eIo34AfQpo0rGki4cyIiftY06h2Fg==}
    engines: {node: 6.* || 8.* || >= 10.*}
    dev: false

  /glob/7.2.3:
    resolution: {integrity: sha512-nFR0zLpU2YCaRxwoCJvL6UvCH2JFyFVIvwTLsIf21AuHlMskA1hhTdk+LlYJtOlYt9v6dvszD2BGRqBL+iQK9Q==}
    dependencies:
      fs.realpath: 1.0.0
      inflight: 1.0.6
      inherits: 2.0.4
      minimatch: 3.1.2
      once: 1.4.0
      path-is-absolute: 1.0.1
    dev: false

  /has/1.0.3:
    resolution: {integrity: sha512-f2dvO0VU6Oej7RkWJGrehjbzMAjFp5/VKPp5tTpWIV4JHHZK1/BxbFRtf/siA2SWTe09caDmVtYYzWEIbBS4zw==}
    engines: {node: '>= 0.4.0'}
    dependencies:
      function-bind: 1.1.1
    dev: true

  /http-parser-js/0.5.8:
    resolution: {integrity: sha512-SGeBX54F94Wgu5RH3X5jsDtf4eHyRogWX1XGT3b4HuW3tQPM4AaBzoUji/4AAJNXCEOWZ5O0DgZmJw1947gD5Q==}
    dev: false

  /idb/7.0.1:
    resolution: {integrity: sha512-UUxlE7vGWK5RfB/fDwEGgRf84DY/ieqNha6msMV99UsEMQhJ1RwbCd8AYBj3QMgnE3VZnfQvm4oKVCJTYlqIgg==}
    dev: false

  /immediate/3.0.6:
    resolution: {integrity: sha1-nbHb0Pr43m++D13V5Wu2BigN5ps=}
    dev: false

  /immer/9.0.15:
    resolution: {integrity: sha512-2eB/sswms9AEUSkOm4SbV5Y7Vmt/bKRwByd52jfLkW4OLYeaTP3EEiJ9agqU0O/tq6Dk62Zfj+TJSqfm1rLVGQ==}
    dev: false

  /inflight/1.0.6:
    resolution: {integrity: sha1-Sb1jMdfQLQwJvJEKEHW6gWW1bfk=}
    dependencies:
      once: 1.4.0
      wrappy: 1.0.2
    dev: false

  /inherits/2.0.4:
    resolution: {integrity: sha512-k/vGaX4/Yla3WzyMCvTQOXYeIHvqOKtnqBduzTHpzpQZzAskKMhZ2K+EnBiSM9zGSoIFeMpXKxa4dYeZIQqewQ==}
    dev: false

  /is-core-module/2.10.0:
    resolution: {integrity: sha512-Erxj2n/LDAZ7H8WNJXd9tw38GYM3dv8rk8Zcs+jJuxYTW7sozH+SS8NtrSjVL1/vpLvWi1hxy96IzjJ3EHTJJg==}
    dependencies:
      has: 1.0.3
    dev: true

  /is-fullwidth-code-point/3.0.0:
    resolution: {integrity: sha512-zymm5+u+sCsSWyD9qNaejV3DFvhCKclKdizYaJUuHA83RLjb7nSuGnddCHGv0hk+KY7BMAlsWeK4Ueg6EV6XQg==}
    engines: {node: '>=8'}
    dev: false

  /isarray/1.0.0:
    resolution: {integrity: sha1-u5NdSFgsuhaMBoNJV6VKPgcSTxE=}
    dev: false

  /jszip/3.10.1:
    resolution: {integrity: sha512-xXDvecyTpGLrqFrvkrUSoxxfJI5AH7U8zxxtVclpsUtMCq4JQ290LY8AW5c7Ggnr/Y/oK+bQMbqK2qmtk3pN4g==}
    dependencies:
      lie: 3.3.0
      pako: 1.0.11
      readable-stream: 2.3.7
      setimmediate: 1.0.5
    dev: false

  /lie/3.3.0:
    resolution: {integrity: sha512-UaiMJzeWRlEujzAuw5LokY1L5ecNQYZKfmyZ9L7wDHb/p5etKaxXhohBcrw0EYby+G/NA52vRSN4N39dxHAIwQ==}
    dependencies:
      immediate: 3.0.6
    dev: false

  /lodash-es/4.17.21:
    resolution: {integrity: sha512-mKnC+QJ9pWVzv+C4/U3rRsHapFfHvQFoFB92e52xeyGMcX6/OlIl78je1u8vePzYZSkkogMPJ2yjxxsb89cxyw==}
    dev: false

  /lodash.camelcase/4.3.0:
    resolution: {integrity: sha1-soqmKIorn8ZRA1x3EfZathkDMaY=}
    dev: false

  /long/4.0.0:
    resolution: {integrity: sha512-XsP+KhQif4bjX1kbuSiySJFNAehNxgLb6hPRGJ9QsUr8ajHkuXGdrHmFUTUUXhDwVX2R5bY4JNZEwbUiMhV+MA==}
    dev: false

  /long/5.2.0:
    resolution: {integrity: sha512-9RTUNjK60eJbx3uz+TEGF7fUr29ZDxR5QzXcyDpeSfeH28S9ycINflOgOlppit5U+4kNTe83KQnMEerw7GmE8w==}
    dev: false

  /minimatch/3.1.2:
    resolution: {integrity: sha512-J7p63hRiAjw1NDEww1W7i37+ByIrOWO5XQQAzZ3VOcL0PNybwpfmV/N05zFAzwQ9USyEcX6t3UO+K5aqBQOIHw==}
    dependencies:
      brace-expansion: 1.1.11
    dev: false

  /nanoid/3.3.4:
    resolution: {integrity: sha512-MqBkQh/OHTS2egovRtLk45wEyNXwF+cokD+1YPf9u5VfJiRdAiRwB2froX5Co9Rh20xs4siNPm8naNotSD6RBw==}
    engines: {node: ^10 || ^12 || ^13.7 || ^14 || >=15.0.1}
    hasBin: true
    dev: true

  /node-fetch/2.6.7:
    resolution: {integrity: sha512-ZjMPFEfVx5j+y2yF35Kzx5sF7kDzxuDj6ziH4FFbOp87zKDZNx8yExJIb05OGF4Nlt9IHFIMBkRl41VdvcNdbQ==}
    engines: {node: 4.x || >=6.0.0}
    peerDependencies:
      encoding: ^0.1.0
    peerDependenciesMeta:
      encoding:
        optional: true
    dependencies:
      whatwg-url: 5.0.0
    dev: false

  /once/1.4.0:
    resolution: {integrity: sha1-WDsap3WWHUsROsF9nFC6753Xa9E=}
    dependencies:
      wrappy: 1.0.2
    dev: false

  /pako/1.0.11:
    resolution: {integrity: sha512-4hLB8Py4zZce5s4yd9XzopqwVv/yGNhV1Bl8NTmCq1763HeK2+EwVTv+leGeL13Dnh2wfbqowVPXCIO0z4taYw==}
    dev: false

  /path-is-absolute/1.0.1:
    resolution: {integrity: sha1-F0uSaHNVNP+8es5r9TpanhtcX18=}
    engines: {node: '>=0.10.0'}
    dev: false

  /path-parse/1.0.7:
    resolution: {integrity: sha512-LDJzPVEEEPR+y48z93A0Ed0yXb8pAByGWo/k5YYdYgpY2/2EsOsksJrq7lOHxryrVOn1ejG6oAp8ahvOIQD8sw==}
    dev: true

  /picocolors/1.0.0:
    resolution: {integrity: sha512-1fygroTLlHu66zi26VoTDv8yRgm0Fccecssto+MhsZ0D/DGW2sm8E8AjW7NU5VVTRt5GxbeZ5qBuJr+HyLYkjQ==}
    dev: true

  /postcss/8.4.17:
    resolution: {integrity: sha512-UNxNOLQydcOFi41yHNMcKRZ39NeXlr8AxGuZJsdub8vIb12fHzcq37DTU/QtbI6WLxNg2gF9Z+8qtRwTj1UI1Q==}
    engines: {node: ^10 || ^12 || >=14}
    dependencies:
      nanoid: 3.3.4
      picocolors: 1.0.0
      source-map-js: 1.0.2
    dev: true

  /process-nextick-args/2.0.1:
    resolution: {integrity: sha512-3ouUOpQhtgrbOa17J7+uxOTpITYWaGP7/AhoR3+A+/1e9skrzelGi/dXzEYyvbxubEF6Wn2ypscTKiKJFFn1ag==}
    dev: false

  /protobufjs/6.11.3:
    resolution: {integrity: sha512-xL96WDdCZYdU7Slin569tFX712BxsxslWwAfAhCYjQKGTq7dAU91Lomy6nLLhh/dyGhk/YH4TwTSRxTzhuHyZg==}
    hasBin: true
    requiresBuild: true
    dependencies:
      '@protobufjs/aspromise': 1.1.2
      '@protobufjs/base64': 1.1.2
      '@protobufjs/codegen': 2.0.4
      '@protobufjs/eventemitter': 1.1.0
      '@protobufjs/fetch': 1.1.0
      '@protobufjs/float': 1.0.2
      '@protobufjs/inquire': 1.1.0
      '@protobufjs/path': 1.1.2
      '@protobufjs/pool': 1.1.0
      '@protobufjs/utf8': 1.1.0
      '@types/long': 4.0.2
      '@types/node': 18.8.3
      long: 4.0.0
    dev: false

  /protobufjs/7.1.2:
    resolution: {integrity: sha512-4ZPTPkXCdel3+L81yw3dG6+Kq3umdWKh7Dc7GW/CpNk4SX3hK58iPCWeCyhVTDrbkNeKrYNZ7EojM5WDaEWTLQ==}
    engines: {node: '>=12.0.0'}
    requiresBuild: true
    dependencies:
      '@protobufjs/aspromise': 1.1.2
      '@protobufjs/base64': 1.1.2
      '@protobufjs/codegen': 2.0.4
      '@protobufjs/eventemitter': 1.1.0
      '@protobufjs/fetch': 1.1.0
      '@protobufjs/float': 1.0.2
      '@protobufjs/inquire': 1.1.0
      '@protobufjs/path': 1.1.2
      '@protobufjs/pool': 1.1.0
      '@protobufjs/utf8': 1.1.0
      '@types/node': 18.8.3
      long: 5.2.0
    dev: false

  /readable-stream/2.3.7:
    resolution: {integrity: sha512-Ebho8K4jIbHAxnuxi7o42OrZgF/ZTNcsZj6nRKyUmkhLFq8CHItp/fy6hQZuZmP/n3yZ9VBUbp4zz/mX8hmYPw==}
    dependencies:
      core-util-is: 1.0.3
      inherits: 2.0.4
      isarray: 1.0.0
      process-nextick-args: 2.0.1
      safe-buffer: 5.1.2
      string_decoder: 1.1.1
      util-deprecate: 1.0.2
    dev: false

  /require-directory/2.1.1:
    resolution: {integrity: sha1-jGStX9MNqxyXbiNE/+f3kqam30I=}
    engines: {node: '>=0.10.0'}
    dev: false

  /resolve/1.22.1:
    resolution: {integrity: sha512-nBpuuYuY5jFsli/JIs1oldw6fOQCBioohqWZg/2hiaOybXOft4lonv85uDOKXdf8rhyK159cxU5cDcK/NKk8zw==}
    hasBin: true
    dependencies:
      is-core-module: 2.10.0
      path-parse: 1.0.7
      supports-preserve-symlinks-flag: 1.0.0
    dev: true

  /rimraf/3.0.2:
    resolution: {integrity: sha512-JZkJMZkAGFFPP2YqXZXPbMlMBgsxzE8ILs4lMIX/2o0L9UBw9O/Y3o6wFw/i9YLapcUJWwqbi3kdxIPdC62TIA==}
    hasBin: true
    dependencies:
      glob: 7.2.3
    dev: false

  /rollup/2.78.1:
    resolution: {integrity: sha512-VeeCgtGi4P+o9hIg+xz4qQpRl6R401LWEXBmxYKOV4zlF82lyhgh2hTZnheFUbANE8l2A41F458iwj2vEYaXJg==}
    engines: {node: '>=10.0.0'}
    hasBin: true
    optionalDependencies:
      fsevents: 2.3.2
    dev: true

  /rxjs/7.5.7:
    resolution: {integrity: sha512-z9MzKh/UcOqB3i20H6rtrlaE/CgjLOvheWK/9ILrbhROGTweAi1BaFsTT9FbwZi5Trr1qNRs+MXkhmR06awzQA==}
    dependencies:
      tslib: 2.4.0
    dev: false

  /safe-buffer/5.1.2:
    resolution: {integrity: sha512-Gd2UZBJDkXlY7GbJxfsE8/nvKkUEU1G38c1siN6QP6a9PT9MmHB8GnpscSmMJSoF8LOIrt8ud/wPtojys4G6+g==}
    dev: false

  /safe-buffer/5.2.1:
    resolution: {integrity: sha512-rp3So07KcdmmKbGvgaNxQSJr7bGVSVk5S9Eq1F+ppbRo70+YeaDxkw5Dd8NPN+GD6bjnYm2VuPuCXmpuYvmCXQ==}
    dev: false

  /selenium-webdriver/4.1.2:
    resolution: {integrity: sha512-e4Ap8vQvhipgBB8Ry9zBiKGkU6kHKyNnWiavGGLKkrdW81Zv7NVMtFOL/j3yX0G8QScM7XIXijKssNd4EUxSOw==}
    engines: {node: '>= 10.15.0'}
    dependencies:
      jszip: 3.10.1
      tmp: 0.2.1
      ws: 8.9.0
    transitivePeerDependencies:
      - bufferutil
      - utf-8-validate
    dev: false

  /setimmediate/1.0.5:
    resolution: {integrity: sha1-KQy7Iy4waULX1+qbg3Mqt4VvgoU=}
    dev: false

  /source-map-js/1.0.2:
    resolution: {integrity: sha512-R0XvVJ9WusLiqTCEiGCmICCMplcCkIwwR11mOSD9CR5u+IXYdiseeEuXCVAjS54zqwkLcPNnmU4OeJ6tUrWhDw==}
    engines: {node: '>=0.10.0'}
    dev: true

  /string-width/4.2.3:
    resolution: {integrity: sha512-wKyQRQpjJ0sIp62ErSZdGsjMJWsap5oRNihHhu6G7JVO/9jIB6UyevL+tXuOqrng8j/cxKTWyWUwvSTriiZz/g==}
    engines: {node: '>=8'}
    dependencies:
      emoji-regex: 8.0.0
      is-fullwidth-code-point: 3.0.0
      strip-ansi: 6.0.1
    dev: false

  /string_decoder/1.1.1:
    resolution: {integrity: sha512-n/ShnvDi6FHbbVfviro+WojiFzv+s8MPMHBczVePfUpDJLwoLT0ht1l4YwBCbi8pJAveEEdnkHyPyTP/mzRfwg==}
    dependencies:
      safe-buffer: 5.1.2
    dev: false

  /strip-ansi/6.0.1:
    resolution: {integrity: sha512-Y38VPSHcqkFrCpFnQ9vuSXmquuv5oXOKpGeT6aGrr3o3Gc9AlVa6JBfUSOCnbxGGZF+/0ooI7KrPuUSztUdU5A==}
    engines: {node: '>=8'}
    dependencies:
      ansi-regex: 5.0.1
    dev: false

  /supports-preserve-symlinks-flag/1.0.0:
    resolution: {integrity: sha512-ot0WnXS9fgdkgIcePe6RHNk1WA8+muPa6cSjeR3V8K27q9BB1rTE3R1p7Hv0z1ZyAc8s6Vvv8DIyWf681MAt0w==}
    engines: {node: '>= 0.4'}
    dev: true

  /tmp/0.2.1:
    resolution: {integrity: sha512-76SUhtfqR2Ijn+xllcI5P1oyannHNHByD80W1q447gU3mp9G9PSpGdWmjUOHRDPiHYacIk66W7ubDTuPF3BEtQ==}
    engines: {node: '>=8.17.0'}
    dependencies:
      rimraf: 3.0.2
    dev: false

  /tr46/0.0.3:
    resolution: {integrity: sha1-gYT9NH2snNwYWZLzpmIuFLnZq2o=}
    dev: false

  /tslib/2.4.0:
    resolution: {integrity: sha512-d6xOpEDfsi2CZVlPQzGeux8XMwLT9hssAsaPYExaQMuYskwb+x1x7J371tWlbBdWHroy99KnVB6qIkUbs5X3UQ==}
    dev: false

  /util-deprecate/1.0.2:
    resolution: {integrity: sha1-RQ1Nyfpw3nMnYvvS1KKJgUGaDM8=}
    dev: false

  /vite/3.1.4:
    resolution: {integrity: sha512-JoQI08aBjY9lycL7jcEq4p9o1xUjq5aRvdH4KWaXtkSx7e7RpAh9D3IjzDWRD4Fg44LS3oDAIOG/Kq1L+82psA==}
    engines: {node: ^14.18.0 || >=16.0.0}
    hasBin: true
    peerDependencies:
      less: '*'
      sass: '*'
      stylus: '*'
      terser: ^5.4.0
    peerDependenciesMeta:
      less:
        optional: true
      sass:
        optional: true
      stylus:
        optional: true
      terser:
        optional: true
    dependencies:
      esbuild: 0.15.10
      postcss: 8.4.17
      resolve: 1.22.1
      rollup: 2.78.1
    optionalDependencies:
      fsevents: 2.3.2
    dev: true

  /webidl-conversions/3.0.1:
    resolution: {integrity: sha1-JFNCdeKnvGvnvIZhHMFq4KVlSHE=}
    dev: false

  /websocket-driver/0.7.4:
    resolution: {integrity: sha512-b17KeDIQVjvb0ssuSDF2cYXSg2iztliJ4B9WdsuB6J952qCPKmnVq4DyW5motImXHDC1cBT/1UezrJVsKw5zjg==}
    engines: {node: '>=0.8.0'}
    dependencies:
      http-parser-js: 0.5.8
      safe-buffer: 5.2.1
      websocket-extensions: 0.1.4
    dev: false

  /websocket-extensions/0.1.4:
    resolution: {integrity: sha512-OqedPIGOfsDlo31UNwYbCFMSaO9m9G/0faIHj5/dZFDMFqPTcx6UwqyOy3COEaEOg/9VsGIpdqn62W5KhoKSpg==}
    engines: {node: '>=0.8.0'}
    dev: false

  /whatwg-url/5.0.0:
    resolution: {integrity: sha1-lmRU6HZUYuN2RNNib2dCzotwll0=}
    dependencies:
      tr46: 0.0.3
      webidl-conversions: 3.0.1
    dev: false

  /wrap-ansi/7.0.0:
    resolution: {integrity: sha512-YVGIj2kamLSTxw6NsZjoBxfSwsn0ycdesmc4p+Q21c5zPuZ1pl+NfxVdxPtdHvmNVOQ6XSYG4AUtyt/Fi7D16Q==}
    engines: {node: '>=10'}
    dependencies:
      ansi-styles: 4.3.0
      string-width: 4.2.3
      strip-ansi: 6.0.1
    dev: false

  /wrappy/1.0.2:
    resolution: {integrity: sha1-tSQ9jz7BqjXxNkYFvA0QNuMKtp8=}
    dev: false

  /ws/8.9.0:
    resolution: {integrity: sha512-Ja7nszREasGaYUYCI2k4lCKIRTt+y7XuqVoHR44YpI49TtryyqbqvDMn5eqfW7e6HzTukDRIsXqzVHScqRcafg==}
    engines: {node: '>=10.0.0'}
    peerDependencies:
      bufferutil: ^4.0.1
      utf-8-validate: ^5.0.2
    peerDependenciesMeta:
      bufferutil:
        optional: true
      utf-8-validate:
        optional: true
    dev: false

  /y18n/5.0.8:
    resolution: {integrity: sha512-0pfFzegeDWJHJIAmTLRP2DwHjdF5s7jo9tuztdQxAhINCdvS+3nGINqPd00AphqJR/0LhANUS6/+7SCb98YOfA==}
    engines: {node: '>=10'}
    dev: false

  /yargs-parser/20.2.9:
    resolution: {integrity: sha512-y11nGElTIV+CT3Zv9t7VKl+Q3hTQoT9a1Qzezhhl6Rp21gJ/IVTW7Z3y9EWXhuUBC2Shnf+DX0antecpAwSP8w==}
    engines: {node: '>=10'}
    dev: false

  /yargs/16.2.0:
    resolution: {integrity: sha512-D1mvvtDG0L5ft/jGWkLpG1+m0eQxOfaBvTNELraWj22wSVUMWxZUvYgJYcKh6jGGIkJFhH4IZPQhR4TKpc8mBw==}
    engines: {node: '>=10'}
    dependencies:
      cliui: 7.0.4
      escalade: 3.1.1
      get-caller-file: 2.0.5
      require-directory: 2.1.1
      string-width: 4.2.3
      y18n: 5.0.8
      yargs-parser: 20.2.9
    dev: false
